
Microsoft Visual Studio Solution File, Format Version 12.00
# Visual Studio Version 17
VisualStudioVersion = 17.9.34728.123
MinimumVisualStudioVersion = 10.0.40219.1
Project("{FAE04EC0-301F-11D3-BF4B-00C04F79EFBC}") = "LAB2", "LAB2\LAB2.csproj", "{DB1A1F83-A382-4E1D-A46E-997A114F599B}"
EndProject
Global
	GlobalSection(SolutionConfigurationPlatforms) = preSolution
		Debug|Any CPU = Debug|Any CPU
		Release|Any CPU = Release|Any CPU
	EndGlobalSection
	GlobalSection(ProjectConfigurationPlatforms) = postSolution
		{DB1A1F83-A382-4E1D-A46E-997A114F599B}.Debug|Any CPU.ActiveCfg = Debug|Any CPU
		{DB1A1F83-A382-4E1D-A46E-997A114F599B}.Debug|Any CPU.Build.0 = Debug|Any CPU
		{DB1A1F83-A382-4E1D-A46E-997A114F599B}.Release|Any CPU.ActiveCfg = Release|Any CPU
		{DB1A1F83-A382-4E1D-A46E-997A114F599B}.Release|Any CPU.Build.0 = Release|Any CPU
	EndGlobalSection
	GlobalSection(SolutionProperties) = preSolution
		HideSolutionNode = FALSE
	EndGlobalSection
	GlobalSection(ExtensibilityGlobals) = postSolution
		SolutionGuid = {A5CE2A30-C174-4529-A2A5-07A16074228F}
	EndGlobalSection
EndGlobal
