
Microsoft Visual Studio Solution File, Format Version 12.00
# Visual Studio Version 16
VisualStudioVersion = 25.0.1705.4
MinimumVisualStudioVersion = 10.0.40219.1
Project("{FAE04EC0-301F-11D3-BF4B-00C04F79EFBC}") = "Module05HeritageG020", "Module05HeritageG020.csproj", "{F20B7CD0-54FE-470F-80F2-8BED905B371A}"
EndProject
Global
	GlobalSection(SolutionConfigurationPlatforms) = preSolution
		Debug|Any CPU = Debug|Any CPU
		Release|Any CPU = Release|Any CPU
	EndGlobalSection
	GlobalSection(ProjectConfigurationPlatforms) = postSolution
		{F20B7CD0-54FE-470F-80F2-8BED905B371A}.Debug|Any CPU.ActiveCfg = Debug|Any CPU
		{F20B7CD0-54FE-470F-80F2-8BED905B371A}.Debug|Any CPU.Build.0 = Debug|Any CPU
		{F20B7CD0-54FE-470F-80F2-8BED905B371A}.Release|Any CPU.ActiveCfg = Release|Any CPU
		{F20B7CD0-54FE-470F-80F2-8BED905B371A}.Release|Any CPU.Build.0 = Release|Any CPU
	EndGlobalSection
	GlobalSection(SolutionProperties) = preSolution
		HideSolutionNode = FALSE
	EndGlobalSection
	GlobalSection(ExtensibilityGlobals) = postSolution
		SolutionGuid = {5A798BCE-E58A-45E7-B85E-5EBC64737B4B}
	EndGlobalSection
EndGlobal
