
Microsoft Visual Studio Solution File, Format Version 12.00
# Visual Studio Version 17
VisualStudioVersion = 17.9.34728.123
MinimumVisualStudioVersion = 10.0.40219.1
Project("{FAE04EC0-301F-11D3-BF4B-00C04F79EFBC}") = "Révision", "Révision\Révision.csproj", "{9DB908EF-ECBB-4BD2-997C-9B997A5D3929}"
EndProject
Global
	GlobalSection(SolutionConfigurationPlatforms) = preSolution
		Debug|Any CPU = Debug|Any CPU
		Release|Any CPU = Release|Any CPU
	EndGlobalSection
	GlobalSection(ProjectConfigurationPlatforms) = postSolution
		{9DB908EF-ECBB-4BD2-997C-9B997A5D3929}.Debug|Any CPU.ActiveCfg = Debug|Any CPU
		{9DB908EF-ECBB-4BD2-997C-9B997A5D3929}.Debug|Any CPU.Build.0 = Debug|Any CPU
		{9DB908EF-ECBB-4BD2-997C-9B997A5D3929}.Release|Any CPU.ActiveCfg = Release|Any CPU
		{9DB908EF-ECBB-4BD2-997C-9B997A5D3929}.Release|Any CPU.Build.0 = Release|Any CPU
	EndGlobalSection
	GlobalSection(SolutionProperties) = preSolution
		HideSolutionNode = FALSE
	EndGlobalSection
	GlobalSection(ExtensibilityGlobals) = postSolution
		SolutionGuid = {369642B2-7962-4CEA-BCA6-16D26237C0B6}
	EndGlobalSection
EndGlobal
