
Microsoft Visual Studio Solution File, Format Version 12.00
# Visual Studio Version 16
VisualStudioVersion = 25.0.1705.4
MinimumVisualStudioVersion = 10.0.40219.1
Project("{FAE04EC0-301F-11D3-BF4B-00C04F79EFBC}") = "DocumentationFormatage", "DocumentationFormatage.csproj", "{6DDA174B-6F11-4FDC-9382-DE0645F8C2B5}"
EndProject
Global
	GlobalSection(SolutionConfigurationPlatforms) = preSolution
		Debug|Any CPU = Debug|Any CPU
		Release|Any CPU = Release|Any CPU
	EndGlobalSection
	GlobalSection(ProjectConfigurationPlatforms) = postSolution
		{6DDA174B-6F11-4FDC-9382-DE0645F8C2B5}.Debug|Any CPU.ActiveCfg = Debug|Any CPU
		{6DDA174B-6F11-4FDC-9382-DE0645F8C2B5}.Debug|Any CPU.Build.0 = Debug|Any CPU
		{6DDA174B-6F11-4FDC-9382-DE0645F8C2B5}.Release|Any CPU.ActiveCfg = Release|Any CPU
		{6DDA174B-6F11-4FDC-9382-DE0645F8C2B5}.Release|Any CPU.Build.0 = Release|Any CPU
	EndGlobalSection
	GlobalSection(SolutionProperties) = preSolution
		HideSolutionNode = FALSE
	EndGlobalSection
	GlobalSection(ExtensibilityGlobals) = postSolution
		SolutionGuid = {81A6FC34-9244-4490-A6AF-64676909CDCB}
	EndGlobalSection
EndGlobal
