
Microsoft Visual Studio Solution File, Format Version 12.00
# Visual Studio Version 16
VisualStudioVersion = 25.0.1705.4
MinimumVisualStudioVersion = 10.0.40219.1
Project("{FAE04EC0-301F-11D3-BF4B-00C04F79EFBC}") = "Module05Instaciation2ObjetsG020", "Module05Instaciation2ObjetsG020.csproj", "{B8B58097-0794-47CE-8994-1C4C766E9478}"
EndProject
Global
	GlobalSection(SolutionConfigurationPlatforms) = preSolution
		Debug|Any CPU = Debug|Any CPU
		Release|Any CPU = Release|Any CPU
	EndGlobalSection
	GlobalSection(ProjectConfigurationPlatforms) = postSolution
		{B8B58097-0794-47CE-8994-1C4C766E9478}.Debug|Any CPU.ActiveCfg = Debug|Any CPU
		{B8B58097-0794-47CE-8994-1C4C766E9478}.Debug|Any CPU.Build.0 = Debug|Any CPU
		{B8B58097-0794-47CE-8994-1C4C766E9478}.Release|Any CPU.ActiveCfg = Release|Any CPU
		{B8B58097-0794-47CE-8994-1C4C766E9478}.Release|Any CPU.Build.0 = Release|Any CPU
	EndGlobalSection
	GlobalSection(SolutionProperties) = preSolution
		HideSolutionNode = FALSE
	EndGlobalSection
	GlobalSection(ExtensibilityGlobals) = postSolution
		SolutionGuid = {6A28291D-774B-4D0E-A6AD-3535EEB03CF6}
	EndGlobalSection
EndGlobal
