
Microsoft Visual Studio Solution File, Format Version 12.00
# Visual Studio Version 17
VisualStudioVersion = 17.9.34728.123
MinimumVisualStudioVersion = 10.0.40219.1
Project("{FAE04EC0-301F-11D3-BF4B-00C04F79EFBC}") = "HelloWord", "HelloWord\HelloWord.csproj", "{12552A4E-E6F1-489C-ABAC-273B4C1E21D2}"
EndProject
Global
	GlobalSection(SolutionConfigurationPlatforms) = preSolution
		Debug|Any CPU = Debug|Any CPU
		Release|Any CPU = Release|Any CPU
	EndGlobalSection
	GlobalSection(ProjectConfigurationPlatforms) = postSolution
		{12552A4E-E6F1-489C-ABAC-273B4C1E21D2}.Debug|Any CPU.ActiveCfg = Debug|Any CPU
		{12552A4E-E6F1-489C-ABAC-273B4C1E21D2}.Debug|Any CPU.Build.0 = Debug|Any CPU
		{12552A4E-E6F1-489C-ABAC-273B4C1E21D2}.Release|Any CPU.ActiveCfg = Release|Any CPU
		{12552A4E-E6F1-489C-ABAC-273B4C1E21D2}.Release|Any CPU.Build.0 = Release|Any CPU
	EndGlobalSection
	GlobalSection(SolutionProperties) = preSolution
		HideSolutionNode = FALSE
	EndGlobalSection
	GlobalSection(ExtensibilityGlobals) = postSolution
		SolutionGuid = {52550511-472A-4267-BAFE-D8AC71402C7A}
	EndGlobalSection
EndGlobal
