
Microsoft Visual Studio Solution File, Format Version 12.00
# Visual Studio Version 17
VisualStudioVersion = 17.9.34728.123
MinimumVisualStudioVersion = 10.0.40219.1
Project("{FAE04EC0-301F-11D3-BF4B-00C04F79EFBC}") = "liste", "liste\liste.csproj", "{A5EE164D-7DAB-4FCC-A739-05C77F6062E4}"
EndProject
Global
	GlobalSection(SolutionConfigurationPlatforms) = preSolution
		Debug|Any CPU = Debug|Any CPU
		Release|Any CPU = Release|Any CPU
	EndGlobalSection
	GlobalSection(ProjectConfigurationPlatforms) = postSolution
		{A5EE164D-7DAB-4FCC-A739-05C77F6062E4}.Debug|Any CPU.ActiveCfg = Debug|Any CPU
		{A5EE164D-7DAB-4FCC-A739-05C77F6062E4}.Debug|Any CPU.Build.0 = Debug|Any CPU
		{A5EE164D-7DAB-4FCC-A739-05C77F6062E4}.Release|Any CPU.ActiveCfg = Release|Any CPU
		{A5EE164D-7DAB-4FCC-A739-05C77F6062E4}.Release|Any CPU.Build.0 = Release|Any CPU
	EndGlobalSection
	GlobalSection(SolutionProperties) = preSolution
		HideSolutionNode = FALSE
	EndGlobalSection
	GlobalSection(ExtensibilityGlobals) = postSolution
		SolutionGuid = {C8A82F0B-8541-463D-B0EE-4393138EA144}
	EndGlobalSection
EndGlobal
